
Microsoft Visual Studio Solution File, Format Version 12.00
# Visual Studio Version 16
VisualStudioVersion = 16.0.30804.86
MinimumVisualStudioVersion = 10.0.40219.1
Project("{FAE04EC0-301F-11D3-BF4B-00C04F79EFBC}") = "SaveCode_Copy_Program", "SaveCode_Copy_Program\SaveCode_Copy_Program.csproj", "{7844DC4C-3688-495A-831C-0F822B9DD0D8}"
EndProject
Project("{FAE04EC0-301F-11D3-BF4B-00C04F79EFBC}") = "test", "test\test.csproj", "{B9D50628-1737-4BD5-8318-FE64908FEC30}"
EndProject
Global
	GlobalSection(SolutionConfigurationPlatforms) = preSolution
		Debug|Any CPU = Debug|Any CPU
		Release|Any CPU = Release|Any CPU
	EndGlobalSection
	GlobalSection(ProjectConfigurationPlatforms) = postSolution
		{7844DC4C-3688-495A-831C-0F822B9DD0D8}.Debug|Any CPU.ActiveCfg = Debug|Any CPU
		{7844DC4C-3688-495A-831C-0F822B9DD0D8}.Debug|Any CPU.Build.0 = Debug|Any CPU
		{7844DC4C-3688-495A-831C-0F822B9DD0D8}.Release|Any CPU.ActiveCfg = Release|Any CPU
		{7844DC4C-3688-495A-831C-0F822B9DD0D8}.Release|Any CPU.Build.0 = Release|Any CPU
		{B9D50628-1737-4BD5-8318-FE64908FEC30}.Debug|Any CPU.ActiveCfg = Debug|Any CPU
		{B9D50628-1737-4BD5-8318-FE64908FEC30}.Debug|Any CPU.Build.0 = Debug|Any CPU
		{B9D50628-1737-4BD5-8318-FE64908FEC30}.Release|Any CPU.ActiveCfg = Release|Any CPU
		{B9D50628-1737-4BD5-8318-FE64908FEC30}.Release|Any CPU.Build.0 = Release|Any CPU
	EndGlobalSection
	GlobalSection(SolutionProperties) = preSolution
		HideSolutionNode = FALSE
	EndGlobalSection
	GlobalSection(ExtensibilityGlobals) = postSolution
		SolutionGuid = {8A2F6044-1949-4A2D-970E-406337DE41B3}
	EndGlobalSection
EndGlobal
